
Microsoft Visual Studio Solution File, Format Version 12.00
# Visual Studio Version 17
VisualStudioVersion = 17.11.35208.52
MinimumVisualStudioVersion = 10.0.40219.1
Project("{FAE04EC0-301F-11D3-BF4B-00C04F79EFBC}") = "VehicleApplication_Baraclan", "VehicleApplication_Baraclan\VehicleApplication_Baraclan.csproj", "{0E710D73-6DE0-415B-9B8D-43E80C04A01A}"
EndProject
Global
	GlobalSection(SolutionConfigurationPlatforms) = preSolution
		Debug|Any CPU = Debug|Any CPU
		Release|Any CPU = Release|Any CPU
	EndGlobalSection
	GlobalSection(ProjectConfigurationPlatforms) = postSolution
		{0E710D73-6DE0-415B-9B8D-43E80C04A01A}.Debug|Any CPU.ActiveCfg = Debug|Any CPU
		{0E710D73-6DE0-415B-9B8D-43E80C04A01A}.Debug|Any CPU.Build.0 = Debug|Any CPU
		{0E710D73-6DE0-415B-9B8D-43E80C04A01A}.Release|Any CPU.ActiveCfg = Release|Any CPU
		{0E710D73-6DE0-415B-9B8D-43E80C04A01A}.Release|Any CPU.Build.0 = Release|Any CPU
	EndGlobalSection
	GlobalSection(SolutionProperties) = preSolution
		HideSolutionNode = FALSE
	EndGlobalSection
	GlobalSection(ExtensibilityGlobals) = postSolution
		SolutionGuid = {AA134680-3ED5-4CAB-BF35-FD12FED00E23}
	EndGlobalSection
EndGlobal
